{
  "name": "treasure_hunt",
  "version": "0.1.0",
  "lockfileVersion": 1,
  "requires": true,
  "dependencies": {
    "react-interval-timer": {
      "version": "1.0.5",
      "resolved": "https://registry.npmjs.org/react-interval-timer/-/react-interval-timer-1.0.5.tgz",
      "integrity": "sha512-WCUJKKY2UBxGzmAadpgT9Vs7GcgbGioyqvWjGU1VZMt5zUmuYsf17kC1pes08U2mxHPzM5/sWCGPH0H1nwox0A=="
    }
  }
}
